
Microsoft Visual Studio Solution File, Format Version 12.00
# Visual Studio Version 17
VisualStudioVersion = 17.13.35806.99 d17.13
MinimumVisualStudioVersion = 10.0.40219.1
Project("{FAE04EC0-301F-11D3-BF4B-00C04F79EFBC}") = "HoopMetrics", "HoopMetrics.csproj", "{C7AEF717-CA41-46AC-BFE1-DD44FB60AB64}"
EndProject
Global
	GlobalSection(SolutionConfigurationPlatforms) = preSolution
		Debug|Any CPU = Debug|Any CPU
		Release|Any CPU = Release|Any CPU
	EndGlobalSection
	GlobalSection(ProjectConfigurationPlatforms) = postSolution
		{C7AEF717-CA41-46AC-BFE1-DD44FB60AB64}.Debug|Any CPU.ActiveCfg = Debug|Any CPU
		{C7AEF717-CA41-46AC-BFE1-DD44FB60AB64}.Debug|Any CPU.Build.0 = Debug|Any CPU
		{C7AEF717-CA41-46AC-BFE1-DD44FB60AB64}.Release|Any CPU.ActiveCfg = Release|Any CPU
		{C7AEF717-CA41-46AC-BFE1-DD44FB60AB64}.Release|Any CPU.Build.0 = Release|Any CPU
	EndGlobalSection
	GlobalSection(SolutionProperties) = preSolution
		HideSolutionNode = FALSE
	EndGlobalSection
	GlobalSection(ExtensibilityGlobals) = postSolution
		SolutionGuid = {6E9DFDA5-4113-4D61-90A4-2B9997911E70}
	EndGlobalSection
EndGlobal
